
Microsoft Visual Studio Solution File, Format Version 12.00
# Visual Studio Version 16
VisualStudioVersion = 16.0.30011.22
MinimumVisualStudioVersion = 10.0.40219.1
Project("{FAE04EC0-301F-11D3-BF4B-00C04F79EFBC}") = "SenAndReceiveSms", "SenAndReceiveSms\SenAndReceiveSms.csproj", "{31C04B14-1851-449A-AA07-2AAAF711263C}"
EndProject
Global
	GlobalSection(SolutionConfigurationPlatforms) = preSolution
		Debug|Any CPU = Debug|Any CPU
		Release|Any CPU = Release|Any CPU
	EndGlobalSection
	GlobalSection(ProjectConfigurationPlatforms) = postSolution
		{31C04B14-1851-449A-AA07-2AAAF711263C}.Debug|Any CPU.ActiveCfg = Debug|Any CPU
		{31C04B14-1851-449A-AA07-2AAAF711263C}.Debug|Any CPU.Build.0 = Debug|Any CPU
		{31C04B14-1851-449A-AA07-2AAAF711263C}.Release|Any CPU.ActiveCfg = Release|Any CPU
		{31C04B14-1851-449A-AA07-2AAAF711263C}.Release|Any CPU.Build.0 = Release|Any CPU
	EndGlobalSection
	GlobalSection(SolutionProperties) = preSolution
		HideSolutionNode = FALSE
	EndGlobalSection
	GlobalSection(ExtensibilityGlobals) = postSolution
		SolutionGuid = {4156FB11-47C7-4DA6-B73A-32DB90A9363A}
	EndGlobalSection
EndGlobal
